// !$*UTF8*$!
{
	archiveVersion = 1;
	classes = {
	};
	objectVersion = 46;
	objects = {

/* Begin PBXBuildFile section */
		1D167BF91EEF49A100016B24 /* AppDelegate.swift in Sources */ = {isa = PBXBuildFile; fileRef = 1D167BF81EEF49A100016B24 /* AppDelegate.swift */; };
		1D167BFB1EEF49A100016B24 /* ViewController.swift in Sources */ = {isa = PBXBuildFile; fileRef = 1D167BFA1EEF49A100016B24 /* ViewController.swift */; };
		1D167BFE1EEF49A100016B24 /* Main.storyboard in Resources */ = {isa = PBXBuildFile; fileRef = 1D167BFC1EEF49A100016B24 /* Main.storyboard */; };
		1D167C001EEF49A100016B24 /* Assets.xcassets in Resources */ = {isa = PBXBuildFile; fileRef = 1D167BFF1EEF49A100016B24 /* Assets.xcassets */; };
		1D167C031EEF49A100016B24 /* LaunchScreen.storyboard in Resources */ = {isa = PBXBuildFile; fileRef = 1D167C011EEF49A100016B24 /* LaunchScreen.storyboard */; };
		1D167C0B1EEF4FAB00016B24 /* SplitViewController.swift in Sources */ = {isa = PBXBuildFile; fileRef = 1D167C0A1EEF4FAB00016B24 /* SplitViewController.swift */; };
		1D167C0D1EEF4FF100016B24 /* MasterTableViewController.storyboard in Resources */ = {isa = PBXBuildFile; fileRef = 1D167C0C1EEF4FF100016B24 /* MasterTableViewController.storyboard */; };
		1D167C101EEF513700016B24 /* MasterTableViewController.swift in Sources */ = {isa = PBXBuildFile; fileRef = 1D167C0F1EEF513700016B24 /* MasterTableViewController.swift */; };
		1D167C121EF0415200016B24 /* HIGElement.swift in Sources */ = {isa = PBXBuildFile; fileRef = 1D167C111EF0415200016B24 /* HIGElement.swift */; };
		1D3FD78B1EF04253007F9610 /* MasterSubTableViewController.swift in Sources */ = {isa = PBXBuildFile; fileRef = 1D3FD78A1EF04253007F9610 /* MasterSubTableViewController.swift */; };
		1D3FD78F1EF04523007F9610 /* HIGElementDataSource.swift in Sources */ = {isa = PBXBuildFile; fileRef = 1D3FD78E1EF04523007F9610 /* HIGElementDataSource.swift */; };
		1D3FD7911EF04631007F9610 /* HIGElementDataSourceFactory.swift in Sources */ = {isa = PBXBuildFile; fileRef = 1D3FD7901EF04631007F9610 /* HIGElementDataSourceFactory.swift */; };
		1D3FD7941EF047DD007F9610 /* HIGControlsDataSource.swift in Sources */ = {isa = PBXBuildFile; fileRef = 1D3FD7931EF047DD007F9610 /* HIGControlsDataSource.swift */; };
		1D3FD7971EF0553F007F9610 /* Buttons.storyboard in Resources */ = {isa = PBXBuildFile; fileRef = 1D3FD7961EF0553F007F9610 /* Buttons.storyboard */; };
		1D3FD7991EF05D9D007F9610 /* EditMenus.storyboard in Resources */ = {isa = PBXBuildFile; fileRef = 1D3FD7981EF05D9D007F9610 /* EditMenus.storyboard */; };
		1D3FD79B1EF05DE1007F9610 /* PageControls.storyboard in Resources */ = {isa = PBXBuildFile; fileRef = 1D3FD79A1EF05DE1007F9610 /* PageControls.storyboard */; };
		1D3FD79D1EF05E18007F9610 /* Pickers.storyboard in Resources */ = {isa = PBXBuildFile; fileRef = 1D3FD79C1EF05E18007F9610 /* Pickers.storyboard */; };
		1D3FD79F1EF05F36007F9610 /* Progress.storyboard in Resources */ = {isa = PBXBuildFile; fileRef = 1D3FD79E1EF05F36007F9610 /* Progress.storyboard */; };
		1D3FD7A11EF05F66007F9610 /* RefreshContentControl.storyboard in Resources */ = {isa = PBXBuildFile; fileRef = 1D3FD7A01EF05F66007F9610 /* RefreshContentControl.storyboard */; };
		1D3FD7A31EF05FB1007F9610 /* SegmentedControls.storyboard in Resources */ = {isa = PBXBuildFile; fileRef = 1D3FD7A21EF05FB1007F9610 /* SegmentedControls.storyboard */; };
		1D3FD7A51EF05FCD007F9610 /* Sliders.storyboard in Resources */ = {isa = PBXBuildFile; fileRef = 1D3FD7A41EF05FCD007F9610 /* Sliders.storyboard */; };
		1D3FD7A71EF05FED007F9610 /* Steppers.storyboard in Resources */ = {isa = PBXBuildFile; fileRef = 1D3FD7A61EF05FED007F9610 /* Steppers.storyboard */; };
		1D3FD7A91EF0600A007F9610 /* Switches.storyboard in Resources */ = {isa = PBXBuildFile; fileRef = 1D3FD7A81EF0600A007F9610 /* Switches.storyboard */; };
		1D3FD7AB1EF0602B007F9610 /* TextFields.storyboard in Resources */ = {isa = PBXBuildFile; fileRef = 1D3FD7AA1EF0602B007F9610 /* TextFields.storyboard */; };
		1DE509851EF8273000B37AB4 /* EditMenusViewController.swift in Sources */ = {isa = PBXBuildFile; fileRef = 1DE509841EF8273000B37AB4 /* EditMenusViewController.swift */; };
		1DE5098B1EF82DCD00B37AB4 /* ProgressViewController.swift in Sources */ = {isa = PBXBuildFile; fileRef = 1DE5098A1EF82DCD00B37AB4 /* ProgressViewController.swift */; };
		1DE5098D1EF831E000B37AB4 /* RefreshContentViewController.swift in Sources */ = {isa = PBXBuildFile; fileRef = 1DE5098C1EF831E000B37AB4 /* RefreshContentViewController.swift */; };
		1DE5098F1EF8383100B37AB4 /* SteppersViewController.swift in Sources */ = {isa = PBXBuildFile; fileRef = 1DE5098E1EF8383100B37AB4 /* SteppersViewController.swift */; };
		1DE509921EF83F8900B37AB4 /* ActionSheetsViewController.swift in Sources */ = {isa = PBXBuildFile; fileRef = 1DE509911EF83F8900B37AB4 /* ActionSheetsViewController.swift */; };
		1DE509941EF842AD00B37AB4 /* AlertsViewController.swift in Sources */ = {isa = PBXBuildFile; fileRef = 1DE509931EF842AD00B37AB4 /* AlertsViewController.swift */; };
		EB8F3DB71EF0A05500C2948A /* HIGViewsDataSource.swift in Sources */ = {isa = PBXBuildFile; fileRef = EB8F3DB61EF0A05500C2948A /* HIGViewsDataSource.swift */; };
		EB8F3DB91EF17B9700C2948A /* HIGBarsDataSource.swift in Sources */ = {isa = PBXBuildFile; fileRef = EB8F3DB81EF17B9700C2948A /* HIGBarsDataSource.swift */; };
		EB8F3DBB1EF17EDC00C2948A /* HIGVisualDesignDataSource.swift in Sources */ = {isa = PBXBuildFile; fileRef = EB8F3DBA1EF17EDC00C2948A /* HIGVisualDesignDataSource.swift */; };
		EB8F3DC01EF1806000C2948A /* NavigationBars.storyboard in Resources */ = {isa = PBXBuildFile; fileRef = EB8F3DBF1EF1806000C2948A /* NavigationBars.storyboard */; };
		EB8F3DC21EF1807500C2948A /* StatusBars.storyboard in Resources */ = {isa = PBXBuildFile; fileRef = EB8F3DC11EF1807500C2948A /* StatusBars.storyboard */; };
		EB8F3DC41EF1808700C2948A /* TabBars.storyboard in Resources */ = {isa = PBXBuildFile; fileRef = EB8F3DC31EF1808700C2948A /* TabBars.storyboard */; };
		EB8F3DC61EF1809900C2948A /* Toolbars.storyboard in Resources */ = {isa = PBXBuildFile; fileRef = EB8F3DC51EF1809900C2948A /* Toolbars.storyboard */; };
		EB8F3DC81EF180CB00C2948A /* ActionSheets.storyboard in Resources */ = {isa = PBXBuildFile; fileRef = EB8F3DC71EF180CB00C2948A /* ActionSheets.storyboard */; };
		EB8F3DCA1EF180DF00C2948A /* ActivityViews.storyboard in Resources */ = {isa = PBXBuildFile; fileRef = EB8F3DC91EF180DF00C2948A /* ActivityViews.storyboard */; };
		EB8F3DCC1EF180EB00C2948A /* Alerts.storyboard in Resources */ = {isa = PBXBuildFile; fileRef = EB8F3DCB1EF180EB00C2948A /* Alerts.storyboard */; };
		EB8F3DCE1EF180F800C2948A /* Collections.storyboard in Resources */ = {isa = PBXBuildFile; fileRef = EB8F3DCD1EF180F800C2948A /* Collections.storyboard */; };
		EB8F3DD01EF1810800C2948A /* ImageViews.storyboard in Resources */ = {isa = PBXBuildFile; fileRef = EB8F3DCF1EF1810800C2948A /* ImageViews.storyboard */; };
		EB8F3DD21EF1811100C2948A /* Maps.storyboard in Resources */ = {isa = PBXBuildFile; fileRef = EB8F3DD11EF1811100C2948A /* Maps.storyboard */; };
		EB8F3DD41EF1811B00C2948A /* Pages.storyboard in Resources */ = {isa = PBXBuildFile; fileRef = EB8F3DD31EF1811B00C2948A /* Pages.storyboard */; };
		EB8F3DD61EF1812500C2948A /* Popovers.storyboard in Resources */ = {isa = PBXBuildFile; fileRef = EB8F3DD51EF1812500C2948A /* Popovers.storyboard */; };
		EB8F3DD81EF1813500C2948A /* ScrollViews.storyboard in Resources */ = {isa = PBXBuildFile; fileRef = EB8F3DD71EF1813500C2948A /* ScrollViews.storyboard */; };
		EB8F3DDA1EF1814300C2948A /* Tables.storyboard in Resources */ = {isa = PBXBuildFile; fileRef = EB8F3DD91EF1814300C2948A /* Tables.storyboard */; };
		EB8F3DDC1EF1815600C2948A /* TextViews.storyboard in Resources */ = {isa = PBXBuildFile; fileRef = EB8F3DDB1EF1815600C2948A /* TextViews.storyboard */; };
		EB8F3DDE1EF1816200C2948A /* WebViews.storyboard in Resources */ = {isa = PBXBuildFile; fileRef = EB8F3DDD1EF1816200C2948A /* WebViews.storyboard */; };
		EB8F3DE01EF1817300C2948A /* Typography.storyboard in Resources */ = {isa = PBXBuildFile; fileRef = EB8F3DDF1EF1817300C2948A /* Typography.storyboard */; };
		EB8F3DE41EF2FAFD00C2948A /* PickersViewController.swift in Sources */ = {isa = PBXBuildFile; fileRef = EB8F3DE31EF2FAFD00C2948A /* PickersViewController.swift */; };
		EB8F3DE81EF3240800C2948A /* PageViewController.swift in Sources */ = {isa = PBXBuildFile; fileRef = EB8F3DE71EF3240800C2948A /* PageViewController.swift */; };
		EB8F3DEB1EF32E1100C2948A /* PageViewControllerDataSource.swift in Sources */ = {isa = PBXBuildFile; fileRef = EB8F3DEA1EF32E1100C2948A /* PageViewControllerDataSource.swift */; };
		EB8F3DED1EF32F5100C2948A /* ControlElement.swift in Sources */ = {isa = PBXBuildFile; fileRef = EB8F3DEC1EF32F5100C2948A /* ControlElement.swift */; };
/* End PBXBuildFile section */

/* Begin PBXFileReference section */
		1D167BF51EEF49A100016B24 /* HIGExampleApp.app */ = {isa = PBXFileReference; explicitFileType = wrapper.application; includeInIndex = 0; path = HIGExampleApp.app; sourceTree = BUILT_PRODUCTS_DIR; };
		1D167BF81EEF49A100016B24 /* AppDelegate.swift */ = {isa = PBXFileReference; lastKnownFileType = sourcecode.swift; path = AppDelegate.swift; sourceTree = "<group>"; };
		1D167BFA1EEF49A100016B24 /* ViewController.swift */ = {isa = PBXFileReference; lastKnownFileType = sourcecode.swift; path = ViewController.swift; sourceTree = "<group>"; };
		1D167BFD1EEF49A100016B24 /* Base */ = {isa = PBXFileReference; lastKnownFileType = file.storyboard; name = Base; path = Base.lproj/Main.storyboard; sourceTree = "<group>"; };
		1D167BFF1EEF49A100016B24 /* Assets.xcassets */ = {isa = PBXFileReference; lastKnownFileType = folder.assetcatalog; path = Assets.xcassets; sourceTree = "<group>"; };
		1D167C021EEF49A100016B24 /* Base */ = {isa = PBXFileReference; lastKnownFileType = file.storyboard; name = Base; path = Base.lproj/LaunchScreen.storyboard; sourceTree = "<group>"; };
		1D167C041EEF49A100016B24 /* Info.plist */ = {isa = PBXFileReference; lastKnownFileType = text.plist.xml; path = Info.plist; sourceTree = "<group>"; };
		1D167C0A1EEF4FAB00016B24 /* SplitViewController.swift */ = {isa = PBXFileReference; fileEncoding = 4; lastKnownFileType = sourcecode.swift; path = SplitViewController.swift; sourceTree = "<group>"; };
		1D167C0C1EEF4FF100016B24 /* MasterTableViewController.storyboard */ = {isa = PBXFileReference; fileEncoding = 4; lastKnownFileType = file.storyboard; path = MasterTableViewController.storyboard; sourceTree = "<group>"; };
		1D167C0F1EEF513700016B24 /* MasterTableViewController.swift */ = {isa = PBXFileReference; fileEncoding = 4; lastKnownFileType = sourcecode.swift; path = MasterTableViewController.swift; sourceTree = "<group>"; };
		1D167C111EF0415200016B24 /* HIGElement.swift */ = {isa = PBXFileReference; fileEncoding = 4; lastKnownFileType = sourcecode.swift; path = HIGElement.swift; sourceTree = "<group>"; };
		1D3FD78A1EF04253007F9610 /* MasterSubTableViewController.swift */ = {isa = PBXFileReference; fileEncoding = 4; lastKnownFileType = sourcecode.swift; path = MasterSubTableViewController.swift; sourceTree = "<group>"; };
		1D3FD78E1EF04523007F9610 /* HIGElementDataSource.swift */ = {isa = PBXFileReference; fileEncoding = 4; lastKnownFileType = sourcecode.swift; path = HIGElementDataSource.swift; sourceTree = "<group>"; };
		1D3FD7901EF04631007F9610 /* HIGElementDataSourceFactory.swift */ = {isa = PBXFileReference; fileEncoding = 4; lastKnownFileType = sourcecode.swift; path = HIGElementDataSourceFactory.swift; sourceTree = "<group>"; };
		1D3FD7931EF047DD007F9610 /* HIGControlsDataSource.swift */ = {isa = PBXFileReference; fileEncoding = 4; lastKnownFileType = sourcecode.swift; path = HIGControlsDataSource.swift; sourceTree = "<group>"; };
		1D3FD7961EF0553F007F9610 /* Buttons.storyboard */ = {isa = PBXFileReference; fileEncoding = 4; lastKnownFileType = file.storyboard; path = Buttons.storyboard; sourceTree = "<group>"; };
		1D3FD7981EF05D9D007F9610 /* EditMenus.storyboard */ = {isa = PBXFileReference; fileEncoding = 4; lastKnownFileType = file.storyboard; path = EditMenus.storyboard; sourceTree = "<group>"; };
		1D3FD79A1EF05DE1007F9610 /* PageControls.storyboard */ = {isa = PBXFileReference; fileEncoding = 4; lastKnownFileType = file.storyboard; path = PageControls.storyboard; sourceTree = "<group>"; };
		1D3FD79C1EF05E18007F9610 /* Pickers.storyboard */ = {isa = PBXFileReference; fileEncoding = 4; lastKnownFileType = file.storyboard; path = Pickers.storyboard; sourceTree = "<group>"; };
		1D3FD79E1EF05F36007F9610 /* Progress.storyboard */ = {isa = PBXFileReference; fileEncoding = 4; lastKnownFileType = file.storyboard; path = Progress.storyboard; sourceTree = "<group>"; };
		1D3FD7A01EF05F66007F9610 /* RefreshContentControl.storyboard */ = {isa = PBXFileReference; fileEncoding = 4; lastKnownFileType = file.storyboard; path = RefreshContentControl.storyboard; sourceTree = "<group>"; };
		1D3FD7A21EF05FB1007F9610 /* SegmentedControls.storyboard */ = {isa = PBXFileReference; fileEncoding = 4; lastKnownFileType = file.storyboard; path = SegmentedControls.storyboard; sourceTree = "<group>"; };
		1D3FD7A41EF05FCD007F9610 /* Sliders.storyboard */ = {isa = PBXFileReference; fileEncoding = 4; lastKnownFileType = file.storyboard; path = Sliders.storyboard; sourceTree = "<group>"; };
		1D3FD7A61EF05FED007F9610 /* Steppers.storyboard */ = {isa = PBXFileReference; fileEncoding = 4; lastKnownFileType = file.storyboard; path = Steppers.storyboard; sourceTree = "<group>"; };
		1D3FD7A81EF0600A007F9610 /* Switches.storyboard */ = {isa = PBXFileReference; fileEncoding = 4; lastKnownFileType = file.storyboard; path = Switches.storyboard; sourceTree = "<group>"; };
		1D3FD7AA1EF0602B007F9610 /* TextFields.storyboard */ = {isa = PBXFileReference; fileEncoding = 4; lastKnownFileType = file.storyboard; path = TextFields.storyboard; sourceTree = "<group>"; };
		1DE509841EF8273000B37AB4 /* EditMenusViewController.swift */ = {isa = PBXFileReference; fileEncoding = 4; lastKnownFileType = sourcecode.swift; path = EditMenusViewController.swift; sourceTree = "<group>"; };
		1DE5098A1EF82DCD00B37AB4 /* ProgressViewController.swift */ = {isa = PBXFileReference; fileEncoding = 4; lastKnownFileType = sourcecode.swift; path = ProgressViewController.swift; sourceTree = "<group>"; };
		1DE5098C1EF831E000B37AB4 /* RefreshContentViewController.swift */ = {isa = PBXFileReference; fileEncoding = 4; lastKnownFileType = sourcecode.swift; path = RefreshContentViewController.swift; sourceTree = "<group>"; };
		1DE5098E1EF8383100B37AB4 /* SteppersViewController.swift */ = {isa = PBXFileReference; fileEncoding = 4; lastKnownFileType = sourcecode.swift; path = SteppersViewController.swift; sourceTree = "<group>"; };
		1DE509911EF83F8900B37AB4 /* ActionSheetsViewController.swift */ = {isa = PBXFileReference; fileEncoding = 4; lastKnownFileType = sourcecode.swift; path = ActionSheetsViewController.swift; sourceTree = "<group>"; };
		1DE509931EF842AD00B37AB4 /* AlertsViewController.swift */ = {isa = PBXFileReference; fileEncoding = 4; lastKnownFileType = sourcecode.swift; path = AlertsViewController.swift; sourceTree = "<group>"; };
		EB8F3DB61EF0A05500C2948A /* HIGViewsDataSource.swift */ = {isa = PBXFileReference; fileEncoding = 4; lastKnownFileType = sourcecode.swift; path = HIGViewsDataSource.swift; sourceTree = "<group>"; };
		EB8F3DB81EF17B9700C2948A /* HIGBarsDataSource.swift */ = {isa = PBXFileReference; fileEncoding = 4; lastKnownFileType = sourcecode.swift; path = HIGBarsDataSource.swift; sourceTree = "<group>"; };
		EB8F3DBA1EF17EDC00C2948A /* HIGVisualDesignDataSource.swift */ = {isa = PBXFileReference; fileEncoding = 4; lastKnownFileType = sourcecode.swift; path = HIGVisualDesignDataSource.swift; sourceTree = "<group>"; };
		EB8F3DBF1EF1806000C2948A /* NavigationBars.storyboard */ = {isa = PBXFileReference; fileEncoding = 4; lastKnownFileType = file.storyboard; path = NavigationBars.storyboard; sourceTree = "<group>"; };
		EB8F3DC11EF1807500C2948A /* StatusBars.storyboard */ = {isa = PBXFileReference; fileEncoding = 4; lastKnownFileType = file.storyboard; path = StatusBars.storyboard; sourceTree = "<group>"; };
		EB8F3DC31EF1808700C2948A /* TabBars.storyboard */ = {isa = PBXFileReference; fileEncoding = 4; lastKnownFileType = file.storyboard; path = TabBars.storyboard; sourceTree = "<group>"; };
		EB8F3DC51EF1809900C2948A /* Toolbars.storyboard */ = {isa = PBXFileReference; fileEncoding = 4; lastKnownFileType = file.storyboard; path = Toolbars.storyboard; sourceTree = "<group>"; };
		EB8F3DC71EF180CB00C2948A /* ActionSheets.storyboard */ = {isa = PBXFileReference; fileEncoding = 4; lastKnownFileType = file.storyboard; path = ActionSheets.storyboard; sourceTree = "<group>"; };
		EB8F3DC91EF180DF00C2948A /* ActivityViews.storyboard */ = {isa = PBXFileReference; fileEncoding = 4; lastKnownFileType = file.storyboard; path = ActivityViews.storyboard; sourceTree = "<group>"; };
		EB8F3DCB1EF180EB00C2948A /* Alerts.storyboard */ = {isa = PBXFileReference; fileEncoding = 4; lastKnownFileType = file.storyboard; path = Alerts.storyboard; sourceTree = "<group>"; };
		EB8F3DCD1EF180F800C2948A /* Collections.storyboard */ = {isa = PBXFileReference; fileEncoding = 4; lastKnownFileType = file.storyboard; path = Collections.storyboard; sourceTree = "<group>"; };
		EB8F3DCF1EF1810800C2948A /* ImageViews.storyboard */ = {isa = PBXFileReference; fileEncoding = 4; lastKnownFileType = file.storyboard; path = ImageViews.storyboard; sourceTree = "<group>"; };
		EB8F3DD11EF1811100C2948A /* Maps.storyboard */ = {isa = PBXFileReference; fileEncoding = 4; lastKnownFileType = file.storyboard; path = Maps.storyboard; sourceTree = "<group>"; };
		EB8F3DD31EF1811B00C2948A /* Pages.storyboard */ = {isa = PBXFileReference; fileEncoding = 4; lastKnownFileType = file.storyboard; path = Pages.storyboard; sourceTree = "<group>"; };
		EB8F3DD51EF1812500C2948A /* Popovers.storyboard */ = {isa = PBXFileReference; fileEncoding = 4; lastKnownFileType = file.storyboard; path = Popovers.storyboard; sourceTree = "<group>"; };
		EB8F3DD71EF1813500C2948A /* ScrollViews.storyboard */ = {isa = PBXFileReference; fileEncoding = 4; lastKnownFileType = file.storyboard; path = ScrollViews.storyboard; sourceTree = "<group>"; };
		EB8F3DD91EF1814300C2948A /* Tables.storyboard */ = {isa = PBXFileReference; fileEncoding = 4; lastKnownFileType = file.storyboard; path = Tables.storyboard; sourceTree = "<group>"; };
		EB8F3DDB1EF1815600C2948A /* TextViews.storyboard */ = {isa = PBXFileReference; fileEncoding = 4; lastKnownFileType = file.storyboard; path = TextViews.storyboard; sourceTree = "<group>"; };
		EB8F3DDD1EF1816200C2948A /* WebViews.storyboard */ = {isa = PBXFileReference; fileEncoding = 4; lastKnownFileType = file.storyboard; path = WebViews.storyboard; sourceTree = "<group>"; };
		EB8F3DDF1EF1817300C2948A /* Typography.storyboard */ = {isa = PBXFileReference; fileEncoding = 4; lastKnownFileType = file.storyboard; path = Typography.storyboard; sourceTree = "<group>"; };
		EB8F3DE31EF2FAFD00C2948A /* PickersViewController.swift */ = {isa = PBXFileReference; fileEncoding = 4; lastKnownFileType = sourcecode.swift; path = PickersViewController.swift; sourceTree = "<group>"; };
		EB8F3DE71EF3240800C2948A /* PageViewController.swift */ = {isa = PBXFileReference; fileEncoding = 4; lastKnownFileType = sourcecode.swift; path = PageViewController.swift; sourceTree = "<group>"; };
		EB8F3DEA1EF32E1100C2948A /* PageViewControllerDataSource.swift */ = {isa = PBXFileReference; fileEncoding = 4; lastKnownFileType = sourcecode.swift; path = PageViewControllerDataSource.swift; sourceTree = "<group>"; };
		EB8F3DEC1EF32F5100C2948A /* ControlElement.swift */ = {isa = PBXFileReference; fileEncoding = 4; lastKnownFileType = sourcecode.swift; path = ControlElement.swift; sourceTree = "<group>"; };
/* End PBXFileReference section */

/* Begin PBXFrameworksBuildPhase section */
		1D167BF21EEF49A100016B24 /* Frameworks */ = {
			isa = PBXFrameworksBuildPhase;
			buildActionMask = 2147483647;
			files = (
			);
			runOnlyForDeploymentPostprocessing = 0;
		};
/* End PBXFrameworksBuildPhase section */

/* Begin PBXGroup section */
		1D167BEC1EEF49A100016B24 = {
			isa = PBXGroup;
			children = (
				1D167BF71EEF49A100016B24 /* HIGExampleApp */,
				1D167BF61EEF49A100016B24 /* Products */,
			);
			sourceTree = "<group>";
		};
		1D167BF61EEF49A100016B24 /* Products */ = {
			isa = PBXGroup;
			children = (
				1D167BF51EEF49A100016B24 /* HIGExampleApp.app */,
			);
			name = Products;
			sourceTree = "<group>";
		};
		1D167BF71EEF49A100016B24 /* HIGExampleApp */ = {
			isa = PBXGroup;
			children = (
				EB8F3DBE1EF17FF800C2948A /* VisualDesign */,
				EB8F3DBD1EF17FF100C2948A /* Views */,
				EB8F3DBC1EF17FE000C2948A /* Bars */,
				1D3FD7951EF05503007F9610 /* Controls */,
				1D167C0E1EEF50E300016B24 /* Master */,
				1D167BF81EEF49A100016B24 /* AppDelegate.swift */,
				1D167BFA1EEF49A100016B24 /* ViewController.swift */,
				1D167C0A1EEF4FAB00016B24 /* SplitViewController.swift */,
				1D167BFC1EEF49A100016B24 /* Main.storyboard */,
				1D167BFF1EEF49A100016B24 /* Assets.xcassets */,
				1D167C011EEF49A100016B24 /* LaunchScreen.storyboard */,
				1D167C041EEF49A100016B24 /* Info.plist */,
			);
			path = HIGExampleApp;
			sourceTree = "<group>";
		};
		1D167C0E1EEF50E300016B24 /* Master */ = {
			isa = PBXGroup;
			children = (
				1D167C0C1EEF4FF100016B24 /* MasterTableViewController.storyboard */,
				1D167C0F1EEF513700016B24 /* MasterTableViewController.swift */,
				1D167C111EF0415200016B24 /* HIGElement.swift */,
				1D3FD78A1EF04253007F9610 /* MasterSubTableViewController.swift */,
				1D3FD7921EF047B5007F9610 /* Element Data Sources */,
				1D3FD7901EF04631007F9610 /* HIGElementDataSourceFactory.swift */,
			);
			name = Master;
			sourceTree = "<group>";
		};
		1D3FD7921EF047B5007F9610 /* Element Data Sources */ = {
			isa = PBXGroup;
			children = (
				1D3FD78E1EF04523007F9610 /* HIGElementDataSource.swift */,
				1D3FD7931EF047DD007F9610 /* HIGControlsDataSource.swift */,
				EB8F3DB61EF0A05500C2948A /* HIGViewsDataSource.swift */,
				EB8F3DB81EF17B9700C2948A /* HIGBarsDataSource.swift */,
				EB8F3DBA1EF17EDC00C2948A /* HIGVisualDesignDataSource.swift */,
			);
			name = "Element Data Sources";
			sourceTree = "<group>";
		};
		1D3FD7951EF05503007F9610 /* Controls */ = {
			isa = PBXGroup;
			children = (
				1D3FD7961EF0553F007F9610 /* Buttons.storyboard */,
				1D3FD7981EF05D9D007F9610 /* EditMenus.storyboard */,
				1D3FD79A1EF05DE1007F9610 /* PageControls.storyboard */,
				1D3FD79C1EF05E18007F9610 /* Pickers.storyboard */,
				1D3FD79E1EF05F36007F9610 /* Progress.storyboard */,
				1D3FD7A01EF05F66007F9610 /* RefreshContentControl.storyboard */,
				1D3FD7A21EF05FB1007F9610 /* SegmentedControls.storyboard */,
				1D3FD7A41EF05FCD007F9610 /* Sliders.storyboard */,
				1D3FD7A61EF05FED007F9610 /* Steppers.storyboard */,
				1D3FD7A81EF0600A007F9610 /* Switches.storyboard */,
				1D3FD7AA1EF0602B007F9610 /* TextFields.storyboard */,
				EB8F3DE31EF2FAFD00C2948A /* PickersViewController.swift */,
				EB8F3DE71EF3240800C2948A /* PageViewController.swift */,
				EB8F3DEA1EF32E1100C2948A /* PageViewControllerDataSource.swift */,
				EB8F3DEC1EF32F5100C2948A /* ControlElement.swift */,
				1DE509841EF8273000B37AB4 /* EditMenusViewController.swift */,
				1DE5098A1EF82DCD00B37AB4 /* ProgressViewController.swift */,
				1DE5098C1EF831E000B37AB4 /* RefreshContentViewController.swift */,
				1DE5098E1EF8383100B37AB4 /* SteppersViewController.swift */,
			);
			name = Controls;
			sourceTree = "<group>";
		};
		EB8F3DBC1EF17FE000C2948A /* Bars */ = {
			isa = PBXGroup;
			children = (
				EB8F3DBF1EF1806000C2948A /* NavigationBars.storyboard */,
				EB8F3DC11EF1807500C2948A /* StatusBars.storyboard */,
				EB8F3DC31EF1808700C2948A /* TabBars.storyboard */,
				EB8F3DC51EF1809900C2948A /* Toolbars.storyboard */,
			);
			name = Bars;
			sourceTree = "<group>";
		};
		EB8F3DBD1EF17FF100C2948A /* Views */ = {
			isa = PBXGroup;
			children = (
				EB8F3DC71EF180CB00C2948A /* ActionSheets.storyboard */,
				EB8F3DC91EF180DF00C2948A /* ActivityViews.storyboard */,
				EB8F3DCB1EF180EB00C2948A /* Alerts.storyboard */,
				EB8F3DCD1EF180F800C2948A /* Collections.storyboard */,
				EB8F3DCF1EF1810800C2948A /* ImageViews.storyboard */,
				EB8F3DD11EF1811100C2948A /* Maps.storyboard */,
				EB8F3DD31EF1811B00C2948A /* Pages.storyboard */,
				EB8F3DD51EF1812500C2948A /* Popovers.storyboard */,
				EB8F3DD71EF1813500C2948A /* ScrollViews.storyboard */,
				EB8F3DD91EF1814300C2948A /* Tables.storyboard */,
				EB8F3DDB1EF1815600C2948A /* TextViews.storyboard */,
				EB8F3DDD1EF1816200C2948A /* WebViews.storyboard */,
				1DE509911EF83F8900B37AB4 /* ActionSheetsViewController.swift */,
				1DE509931EF842AD00B37AB4 /* AlertsViewController.swift */,
			);
			name = Views;
			sourceTree = "<group>";
		};
		EB8F3DBE1EF17FF800C2948A /* VisualDesign */ = {
			isa = PBXGroup;
			children = (
				EB8F3DDF1EF1817300C2948A /* Typography.storyboard */,
			);
			name = VisualDesign;
			sourceTree = "<group>";
		};
/* End PBXGroup section */

/* Begin PBXNativeTarget section */
		1D167BF41EEF49A100016B24 /* HIGExampleApp */ = {
			isa = PBXNativeTarget;
			buildConfigurationList = 1D167C071EEF49A100016B24 /* Build configuration list for PBXNativeTarget "HIGExampleApp" */;
			buildPhases = (
				1D167BF11EEF49A100016B24 /* Sources */,
				1D167BF21EEF49A100016B24 /* Frameworks */,
				1D167BF31EEF49A100016B24 /* Resources */,
			);
			buildRules = (
			);
			dependencies = (
			);
			name = HIGExampleApp;
			productName = HIGExampleApp;
			productReference = 1D167BF51EEF49A100016B24 /* HIGExampleApp.app */;
			productType = "com.apple.product-type.application";
		};
/* End PBXNativeTarget section */

/* Begin PBXProject section */
		1D167BED1EEF49A100016B24 /* Project object */ = {
			isa = PBXProject;
			attributes = {
				LastSwiftUpdateCheck = 0830;
				LastUpgradeCheck = 0830;
				ORGANIZATIONNAME = Pluralsight;
				TargetAttributes = {
					1D167BF41EEF49A100016B24 = {
						CreatedOnToolsVersion = 8.3.2;
						DevelopmentTeam = 5TSJ5VWTTU;
						ProvisioningStyle = Automatic;
					};
				};
			};
			buildConfigurationList = 1D167BF01EEF49A100016B24 /* Build configuration list for PBXProject "HIGExampleApp" */;
			compatibilityVersion = "Xcode 3.2";
			developmentRegion = English;
			hasScannedForEncodings = 0;
			knownRegions = (
				en,
				Base,
			);
			mainGroup = 1D167BEC1EEF49A100016B24;
			productRefGroup = 1D167BF61EEF49A100016B24 /* Products */;
			projectDirPath = "";
			projectRoot = "";
			targets = (
				1D167BF41EEF49A100016B24 /* HIGExampleApp */,
			);
		};
/* End PBXProject section */

/* Begin PBXResourcesBuildPhase section */
		1D167BF31EEF49A100016B24 /* Resources */ = {
			isa = PBXResourcesBuildPhase;
			buildActionMask = 2147483647;
			files = (
				EB8F3DC81EF180CB00C2948A /* ActionSheets.storyboard in Resources */,
				EB8F3DD41EF1811B00C2948A /* Pages.storyboard in Resources */,
				EB8F3DD81EF1813500C2948A /* ScrollViews.storyboard in Resources */,
				EB8F3DE01EF1817300C2948A /* Typography.storyboard in Resources */,
				1D3FD7971EF0553F007F9610 /* Buttons.storyboard in Resources */,
				1D3FD7AB1EF0602B007F9610 /* TextFields.storyboard in Resources */,
				1D3FD79B1EF05DE1007F9610 /* PageControls.storyboard in Resources */,
				EB8F3DDC1EF1815600C2948A /* TextViews.storyboard in Resources */,
				1D3FD7A91EF0600A007F9610 /* Switches.storyboard in Resources */,
				EB8F3DD01EF1810800C2948A /* ImageViews.storyboard in Resources */,
				EB8F3DC61EF1809900C2948A /* Toolbars.storyboard in Resources */,
				EB8F3DD61EF1812500C2948A /* Popovers.storyboard in Resources */,
				1D3FD79D1EF05E18007F9610 /* Pickers.storyboard in Resources */,
				1D3FD7991EF05D9D007F9610 /* EditMenus.storyboard in Resources */,
				EB8F3DCE1EF180F800C2948A /* Collections.storyboard in Resources */,
				1D167C031EEF49A100016B24 /* LaunchScreen.storyboard in Resources */,
				EB8F3DC21EF1807500C2948A /* StatusBars.storyboard in Resources */,
				EB8F3DD21EF1811100C2948A /* Maps.storyboard in Resources */,
				1D167C0D1EEF4FF100016B24 /* MasterTableViewController.storyboard in Resources */,
				EB8F3DDE1EF1816200C2948A /* WebViews.storyboard in Resources */,
				EB8F3DC01EF1806000C2948A /* NavigationBars.storyboard in Resources */,
				EB8F3DC41EF1808700C2948A /* TabBars.storyboard in Resources */,
				1D3FD7A11EF05F66007F9610 /* RefreshContentControl.storyboard in Resources */,
				EB8F3DCA1EF180DF00C2948A /* ActivityViews.storyboard in Resources */,
				EB8F3DDA1EF1814300C2948A /* Tables.storyboard in Resources */,
				1D3FD79F1EF05F36007F9610 /* Progress.storyboard in Resources */,
				1D3FD7A71EF05FED007F9610 /* Steppers.storyboard in Resources */,
				1D167C001EEF49A100016B24 /* Assets.xcassets in Resources */,
				1D3FD7A31EF05FB1007F9610 /* SegmentedControls.storyboard in Resources */,
				1D167BFE1EEF49A100016B24 /* Main.storyboard in Resources */,
				1D3FD7A51EF05FCD007F9610 /* Sliders.storyboard in Resources */,
				EB8F3DCC1EF180EB00C2948A /* Alerts.storyboard in Resources */,
			);
			runOnlyForDeploymentPostprocessing = 0;
		};
/* End PBXResourcesBuildPhase section */

/* Begin PBXSourcesBuildPhase section */
		1D167BF11EEF49A100016B24 /* Sources */ = {
			isa = PBXSourcesBuildPhase;
			buildActionMask = 2147483647;
			files = (
				1DE509921EF83F8900B37AB4 /* ActionSheetsViewController.swift in Sources */,
				1D3FD78B1EF04253007F9610 /* MasterSubTableViewController.swift in Sources */,
				EB8F3DE81EF3240800C2948A /* PageViewController.swift in Sources */,
				1D167C101EEF513700016B24 /* MasterTableViewController.swift in Sources */,
				1DE509851EF8273000B37AB4 /* EditMenusViewController.swift in Sources */,
				EB8F3DBB1EF17EDC00C2948A /* HIGVisualDesignDataSource.swift in Sources */,
				EB8F3DB71EF0A05500C2948A /* HIGViewsDataSource.swift in Sources */,
				1D167BFB1EEF49A100016B24 /* ViewController.swift in Sources */,
				1D3FD7941EF047DD007F9610 /* HIGControlsDataSource.swift in Sources */,
				EB8F3DB91EF17B9700C2948A /* HIGBarsDataSource.swift in Sources */,
				1DE5098D1EF831E000B37AB4 /* RefreshContentViewController.swift in Sources */,
				1DE509941EF842AD00B37AB4 /* AlertsViewController.swift in Sources */,
				EB8F3DE41EF2FAFD00C2948A /* PickersViewController.swift in Sources */,
				1D3FD7911EF04631007F9610 /* HIGElementDataSourceFactory.swift in Sources */,
				EB8F3DED1EF32F5100C2948A /* ControlElement.swift in Sources */,
				1D167C121EF0415200016B24 /* HIGElement.swift in Sources */,
				1D3FD78F1EF04523007F9610 /* HIGElementDataSource.swift in Sources */,
				1D167BF91EEF49A100016B24 /* AppDelegate.swift in Sources */,
				1DE5098F1EF8383100B37AB4 /* SteppersViewController.swift in Sources */,
				1DE5098B1EF82DCD00B37AB4 /* ProgressViewController.swift in Sources */,
				EB8F3DEB1EF32E1100C2948A /* PageViewControllerDataSource.swift in Sources */,
				1D167C0B1EEF4FAB00016B24 /* SplitViewController.swift in Sources */,
			);
			runOnlyForDeploymentPostprocessing = 0;
		};
/* End PBXSourcesBuildPhase section */

/* Begin PBXVariantGroup section */
		1D167BFC1EEF49A100016B24 /* Main.storyboard */ = {
			isa = PBXVariantGroup;
			children = (
				1D167BFD1EEF49A100016B24 /* Base */,
			);
			name = Main.storyboard;
			sourceTree = "<group>";
		};
		1D167C011EEF49A100016B24 /* LaunchScreen.storyboard */ = {
			isa = PBXVariantGroup;
			children = (
				1D167C021EEF49A100016B24 /* Base */,
			);
			name = LaunchScreen.storyboard;
			sourceTree = "<group>";
		};
/* End PBXVariantGroup section */

/* Begin XCBuildConfiguration section */
		1D167C051EEF49A100016B24 /* Debug */ = {
			isa = XCBuildConfiguration;
			buildSettings = {
				ALWAYS_SEARCH_USER_PATHS = NO;
				CLANG_ANALYZER_NONNULL = YES;
				CLANG_ANALYZER_NUMBER_OBJECT_CONVERSION = YES_AGGRESSIVE;
				CLANG_CXX_LANGUAGE_STANDARD = "gnu++0x";
				CLANG_CXX_LIBRARY = "libc++";
				CLANG_ENABLE_MODULES = YES;
				CLANG_ENABLE_OBJC_ARC = YES;
				CLANG_WARN_BOOL_CONVERSION = YES;
				CLANG_WARN_CONSTANT_CONVERSION = YES;
				CLANG_WARN_DIRECT_OBJC_ISA_USAGE = YES_ERROR;
				CLANG_WARN_DOCUMENTATION_COMMENTS = YES;
				CLANG_WARN_EMPTY_BODY = YES;
				CLANG_WARN_ENUM_CONVERSION = YES;
				CLANG_WARN_INFINITE_RECURSION = YES;
				CLANG_WARN_INT_CONVERSION = YES;
				CLANG_WARN_OBJC_ROOT_CLASS = YES_ERROR;
				CLANG_WARN_SUSPICIOUS_MOVE = YES;
				CLANG_WARN_UNREACHABLE_CODE = YES;
				CLANG_WARN__DUPLICATE_METHOD_MATCH = YES;
				"CODE_SIGN_IDENTITY[sdk=iphoneos*]" = "iPhone Developer";
				COPY_PHASE_STRIP = NO;
				DEBUG_INFORMATION_FORMAT = dwarf;
				ENABLE_STRICT_OBJC_MSGSEND = YES;
				ENABLE_TESTABILITY = YES;
				GCC_C_LANGUAGE_STANDARD = gnu99;
				GCC_DYNAMIC_NO_PIC = NO;
				GCC_NO_COMMON_BLOCKS = YES;
				GCC_OPTIMIZATION_LEVEL = 0;
				GCC_PREPROCESSOR_DEFINITIONS = (
					"DEBUG=1",
					"$(inherited)",
				);
				GCC_WARN_64_TO_32_BIT_CONVERSION = YES;
				GCC_WARN_ABOUT_RETURN_TYPE = YES_ERROR;
				GCC_WARN_UNDECLARED_SELECTOR = YES;
				GCC_WARN_UNINITIALIZED_AUTOS = YES_AGGRESSIVE;
				GCC_WARN_UNUSED_FUNCTION = YES;
				GCC_WARN_UNUSED_VARIABLE = YES;
				IPHONEOS_DEPLOYMENT_TARGET = 10.3;
				MTL_ENABLE_DEBUG_INFO = YES;
				ONLY_ACTIVE_ARCH = YES;
				SDKROOT = iphoneos;
				SWIFT_ACTIVE_COMPILATION_CONDITIONS = DEBUG;
				SWIFT_OPTIMIZATION_LEVEL = "-Onone";
				TARGETED_DEVICE_FAMILY = "1,2";
			};
			name = Debug;
		};
		1D167C061EEF49A100016B24 /* Release */ = {
			isa = XCBuildConfiguration;
			buildSettings = {
				ALWAYS_SEARCH_USER_PATHS = NO;
				CLANG_ANALYZER_NONNULL = YES;
				CLANG_ANALYZER_NUMBER_OBJECT_CONVERSION = YES_AGGRESSIVE;
				CLANG_CXX_LANGUAGE_STANDARD = "gnu++0x";
				CLANG_CXX_LIBRARY = "libc++";
				CLANG_ENABLE_MODULES = YES;
				CLANG_ENABLE_OBJC_ARC = YES;
				CLANG_WARN_BOOL_CONVERSION = YES;
				CLANG_WARN_CONSTANT_CONVERSION = YES;
				CLANG_WARN_DIRECT_OBJC_ISA_USAGE = YES_ERROR;
				CLANG_WARN_DOCUMENTATION_COMMENTS = YES;
				CLANG_WARN_EMPTY_BODY = YES;
				CLANG_WARN_ENUM_CONVERSION = YES;
				CLANG_WARN_INFINITE_RECURSION = YES;
				CLANG_WARN_INT_CONVERSION = YES;
				CLANG_WARN_OBJC_ROOT_CLASS = YES_ERROR;
				CLANG_WARN_SUSPICIOUS_MOVE = YES;
				CLANG_WARN_UNREACHABLE_CODE = YES;
				CLANG_WARN__DUPLICATE_METHOD_MATCH = YES;
				"CODE_SIGN_IDENTITY[sdk=iphoneos*]" = "iPhone Developer";
				COPY_PHASE_STRIP = NO;
				DEBUG_INFORMATION_FORMAT = "dwarf-with-dsym";
				ENABLE_NS_ASSERTIONS = NO;
				ENABLE_STRICT_OBJC_MSGSEND = YES;
				GCC_C_LANGUAGE_STANDARD = gnu99;
				GCC_NO_COMMON_BLOCKS = YES;
				GCC_WARN_64_TO_32_BIT_CONVERSION = YES;
				GCC_WARN_ABOUT_RETURN_TYPE = YES_ERROR;
				GCC_WARN_UNDECLARED_SELECTOR = YES;
				GCC_WARN_UNINITIALIZED_AUTOS = YES_AGGRESSIVE;
				GCC_WARN_UNUSED_FUNCTION = YES;
				GCC_WARN_UNUSED_VARIABLE = YES;
				IPHONEOS_DEPLOYMENT_TARGET = 10.3;
				MTL_ENABLE_DEBUG_INFO = NO;
				SDKROOT = iphoneos;
				SWIFT_OPTIMIZATION_LEVEL = "-Owholemodule";
				TARGETED_DEVICE_FAMILY = "1,2";
				VALIDATE_PRODUCT = YES;
			};
			name = Release;
		};
		1D167C081EEF49A100016B24 /* Debug */ = {
			isa = XCBuildConfiguration;
			buildSettings = {
				ASSETCATALOG_COMPILER_APPICON_NAME = AppIcon;
				DEVELOPMENT_TEAM = 5TSJ5VWTTU;
				INFOPLIST_FILE = HIGExampleApp/Info.plist;
				LD_RUNPATH_SEARCH_PATHS = "$(inherited) @executable_path/Frameworks";
				PRODUCT_BUNDLE_IDENTIFIER = com.pluralsight.HIGExampleApp;
				PRODUCT_NAME = "$(TARGET_NAME)";
				SWIFT_VERSION = 3.0;
			};
			name = Debug;
		};
		1D167C091EEF49A100016B24 /* Release */ = {
			isa = XCBuildConfiguration;
			buildSettings = {
				ASSETCATALOG_COMPILER_APPICON_NAME = AppIcon;
				DEVELOPMENT_TEAM = 5TSJ5VWTTU;
				INFOPLIST_FILE = HIGExampleApp/Info.plist;
				LD_RUNPATH_SEARCH_PATHS = "$(inherited) @executable_path/Frameworks";
				PRODUCT_BUNDLE_IDENTIFIER = com.pluralsight.HIGExampleApp;
				PRODUCT_NAME = "$(TARGET_NAME)";
				SWIFT_VERSION = 3.0;
			};
			name = Release;
		};
/* End XCBuildConfiguration section */

/* Begin XCConfigurationList section */
		1D167BF01EEF49A100016B24 /* Build configuration list for PBXProject "HIGExampleApp" */ = {
			isa = XCConfigurationList;
			buildConfigurations = (
				1D167C051EEF49A100016B24 /* Debug */,
				1D167C061EEF49A100016B24 /* Release */,
			);
			defaultConfigurationIsVisible = 0;
			defaultConfigurationName = Release;
		};
		1D167C071EEF49A100016B24 /* Build configuration list for PBXNativeTarget "HIGExampleApp" */ = {
			isa = XCConfigurationList;
			buildConfigurations = (
				1D167C081EEF49A100016B24 /* Debug */,
				1D167C091EEF49A100016B24 /* Release */,
			);
			defaultConfigurationIsVisible = 0;
			defaultConfigurationName = Release;
		};
/* End XCConfigurationList section */
	};
	rootObject = 1D167BED1EEF49A100016B24 /* Project object */;
}
