// !$*UTF8*$!
{
	archiveVersion = 1;
	classes = {
	};
	objectVersion = 46;
	objects = {

/* Begin PBXBuildFile section */
		1D167BF91EEF49A100016B24 /* AppDelegate.swift in Sources */ = {isa = PBXBuildFile; fileRef = 1D167BF81EEF49A100016B24 /* AppDelegate.swift */; };
		1D167BFB1EEF49A100016B24 /* ViewController.swift in Sources */ = {isa = PBXBuildFile; fileRef = 1D167BFA1EEF49A100016B24 /* ViewController.swift */; };
		1D167BFE1EEF49A100016B24 /* Main.storyboard in Resources */ = {isa = PBXBuildFile; fileRef = 1D167BFC1EEF49A100016B24 /* Main.storyboard */; };
		1D167C001EEF49A100016B24 /* Assets.xcassets in Resources */ = {isa = PBXBuildFile; fileRef = 1D167BFF1EEF49A100016B24 /* Assets.xcassets */; };
		1D167C031EEF49A100016B24 /* LaunchScreen.storyboard in Resources */ = {isa = PBXBuildFile; fileRef = 1D167C011EEF49A100016B24 /* LaunchScreen.storyboard */; };
		1D167C0B1EEF4FAB00016B24 /* SplitViewController.swift in Sources */ = {isa = PBXBuildFile; fileRef = 1D167C0A1EEF4FAB00016B24 /* SplitViewController.swift */; };
		1D167C0D1EEF4FF100016B24 /* MasterTableViewController.storyboard in Resources */ = {isa = PBXBuildFile; fileRef = 1D167C0C1EEF4FF100016B24 /* MasterTableViewController.storyboard */; };
		1D167C101EEF513700016B24 /* MasterTableViewController.swift in Sources */ = {isa = PBXBuildFile; fileRef = 1D167C0F1EEF513700016B24 /* MasterTableViewController.swift */; };
		1D167C121EF0415200016B24 /* HIGElement.swift in Sources */ = {isa = PBXBuildFile; fileRef = 1D167C111EF0415200016B24 /* HIGElement.swift */; };
		1D3FD78B1EF04253007F9610 /* MasterSubTableViewController.swift in Sources */ = {isa = PBXBuildFile; fileRef = 1D3FD78A1EF04253007F9610 /* MasterSubTableViewController.swift */; };
		1D3FD78F1EF04523007F9610 /* HIGElementDataSource.swift in Sources */ = {isa = PBXBuildFile; fileRef = 1D3FD78E1EF04523007F9610 /* HIGElementDataSource.swift */; };
		1D3FD7911EF04631007F9610 /* HIGElementDataSourceFactory.swift in Sources */ = {isa = PBXBuildFile; fileRef = 1D3FD7901EF04631007F9610 /* HIGElementDataSourceFactory.swift */; };
		1D3FD7941EF047DD007F9610 /* HIGControlsDataSource.swift in Sources */ = {isa = PBXBuildFile; fileRef = 1D3FD7931EF047DD007F9610 /* HIGControlsDataSource.swift */; };
/* End PBXBuildFile section */

/* Begin PBXFileReference section */
		1D167BF51EEF49A100016B24 /* HIGExampleApp.app */ = {isa = PBXFileReference; explicitFileType = wrapper.application; includeInIndex = 0; path = HIGExampleApp.app; sourceTree = BUILT_PRODUCTS_DIR; };
		1D167BF81EEF49A100016B24 /* AppDelegate.swift */ = {isa = PBXFileReference; lastKnownFileType = sourcecode.swift; path = AppDelegate.swift; sourceTree = "<group>"; };
		1D167BFA1EEF49A100016B24 /* ViewController.swift */ = {isa = PBXFileReference; lastKnownFileType = sourcecode.swift; path = ViewController.swift; sourceTree = "<group>"; };
		1D167BFD1EEF49A100016B24 /* Base */ = {isa = PBXFileReference; lastKnownFileType = file.storyboard; name = Base; path = Base.lproj/Main.storyboard; sourceTree = "<group>"; };
		1D167BFF1EEF49A100016B24 /* Assets.xcassets */ = {isa = PBXFileReference; lastKnownFileType = folder.assetcatalog; path = Assets.xcassets; sourceTree = "<group>"; };
		1D167C021EEF49A100016B24 /* Base */ = {isa = PBXFileReference; lastKnownFileType = file.storyboard; name = Base; path = Base.lproj/LaunchScreen.storyboard; sourceTree = "<group>"; };
		1D167C041EEF49A100016B24 /* Info.plist */ = {isa = PBXFileReference; lastKnownFileType = text.plist.xml; path = Info.plist; sourceTree = "<group>"; };
		1D167C0A1EEF4FAB00016B24 /* SplitViewController.swift */ = {isa = PBXFileReference; fileEncoding = 4; lastKnownFileType = sourcecode.swift; path = SplitViewController.swift; sourceTree = "<group>"; };
		1D167C0C1EEF4FF100016B24 /* MasterTableViewController.storyboard */ = {isa = PBXFileReference; fileEncoding = 4; lastKnownFileType = file.storyboard; path = MasterTableViewController.storyboard; sourceTree = "<group>"; };
		1D167C0F1EEF513700016B24 /* MasterTableViewController.swift */ = {isa = PBXFileReference; fileEncoding = 4; lastKnownFileType = sourcecode.swift; path = MasterTableViewController.swift; sourceTree = "<group>"; };
		1D167C111EF0415200016B24 /* HIGElement.swift */ = {isa = PBXFileReference; fileEncoding = 4; lastKnownFileType = sourcecode.swift; path = HIGElement.swift; sourceTree = "<group>"; };
		1D3FD78A1EF04253007F9610 /* MasterSubTableViewController.swift */ = {isa = PBXFileReference; fileEncoding = 4; lastKnownFileType = sourcecode.swift; path = MasterSubTableViewController.swift; sourceTree = "<group>"; };
		1D3FD78E1EF04523007F9610 /* HIGElementDataSource.swift */ = {isa = PBXFileReference; fileEncoding = 4; lastKnownFileType = sourcecode.swift; path = HIGElementDataSource.swift; sourceTree = "<group>"; };
		1D3FD7901EF04631007F9610 /* HIGElementDataSourceFactory.swift */ = {isa = PBXFileReference; fileEncoding = 4; lastKnownFileType = sourcecode.swift; path = HIGElementDataSourceFactory.swift; sourceTree = "<group>"; };
		1D3FD7931EF047DD007F9610 /* HIGControlsDataSource.swift */ = {isa = PBXFileReference; fileEncoding = 4; lastKnownFileType = sourcecode.swift; path = HIGControlsDataSource.swift; sourceTree = "<group>"; };
/* End PBXFileReference section */

/* Begin PBXFrameworksBuildPhase section */
		1D167BF21EEF49A100016B24 /* Frameworks */ = {
			isa = PBXFrameworksBuildPhase;
			buildActionMask = 2147483647;
			files = (
			);
			runOnlyForDeploymentPostprocessing = 0;
		};
/* End PBXFrameworksBuildPhase section */

/* Begin PBXGroup section */
		1D167BEC1EEF49A100016B24 = {
			isa = PBXGroup;
			children = (
				1D167BF71EEF49A100016B24 /* HIGExampleApp */,
				1D167BF61EEF49A100016B24 /* Products */,
			);
			sourceTree = "<group>";
		};
		1D167BF61EEF49A100016B24 /* Products */ = {
			isa = PBXGroup;
			children = (
				1D167BF51EEF49A100016B24 /* HIGExampleApp.app */,
			);
			name = Products;
			sourceTree = "<group>";
		};
		1D167BF71EEF49A100016B24 /* HIGExampleApp */ = {
			isa = PBXGroup;
			children = (
				1D167C0E1EEF50E300016B24 /* Master */,
				1D167BF81EEF49A100016B24 /* AppDelegate.swift */,
				1D167BFA1EEF49A100016B24 /* ViewController.swift */,
				1D167C0A1EEF4FAB00016B24 /* SplitViewController.swift */,
				1D167BFC1EEF49A100016B24 /* Main.storyboard */,
				1D167BFF1EEF49A100016B24 /* Assets.xcassets */,
				1D167C011EEF49A100016B24 /* LaunchScreen.storyboard */,
				1D167C041EEF49A100016B24 /* Info.plist */,
			);
			path = HIGExampleApp;
			sourceTree = "<group>";
		};
		1D167C0E1EEF50E300016B24 /* Master */ = {
			isa = PBXGroup;
			children = (
				1D167C0C1EEF4FF100016B24 /* MasterTableViewController.storyboard */,
				1D167C0F1EEF513700016B24 /* MasterTableViewController.swift */,
				1D167C111EF0415200016B24 /* HIGElement.swift */,
				1D3FD78A1EF04253007F9610 /* MasterSubTableViewController.swift */,
				1D3FD7921EF047B5007F9610 /* Element Data Sources */,
				1D3FD7901EF04631007F9610 /* HIGElementDataSourceFactory.swift */,
			);
			name = Master;
			sourceTree = "<group>";
		};
		1D3FD7921EF047B5007F9610 /* Element Data Sources */ = {
			isa = PBXGroup;
			children = (
				1D3FD78E1EF04523007F9610 /* HIGElementDataSource.swift */,
				1D3FD7931EF047DD007F9610 /* HIGControlsDataSource.swift */,
			);
			name = "Element Data Sources";
			sourceTree = "<group>";
		};
/* End PBXGroup section */

/* Begin PBXNativeTarget section */
		1D167BF41EEF49A100016B24 /* HIGExampleApp */ = {
			isa = PBXNativeTarget;
			buildConfigurationList = 1D167C071EEF49A100016B24 /* Build configuration list for PBXNativeTarget "HIGExampleApp" */;
			buildPhases = (
				1D167BF11EEF49A100016B24 /* Sources */,
				1D167BF21EEF49A100016B24 /* Frameworks */,
				1D167BF31EEF49A100016B24 /* Resources */,
			);
			buildRules = (
			);
			dependencies = (
			);
			name = HIGExampleApp;
			productName = HIGExampleApp;
			productReference = 1D167BF51EEF49A100016B24 /* HIGExampleApp.app */;
			productType = "com.apple.product-type.application";
		};
/* End PBXNativeTarget section */

/* Begin PBXProject section */
		1D167BED1EEF49A100016B24 /* Project object */ = {
			isa = PBXProject;
			attributes = {
				LastSwiftUpdateCheck = 0830;
				LastUpgradeCheck = 0830;
				ORGANIZATIONNAME = Pluralsight;
				TargetAttributes = {
					1D167BF41EEF49A100016B24 = {
						CreatedOnToolsVersion = 8.3.2;
						DevelopmentTeam = 5TSJ5VWTTU;
						ProvisioningStyle = Automatic;
					};
				};
			};
			buildConfigurationList = 1D167BF01EEF49A100016B24 /* Build configuration list for PBXProject "HIGExampleApp" */;
			compatibilityVersion = "Xcode 3.2";
			developmentRegion = English;
			hasScannedForEncodings = 0;
			knownRegions = (
				en,
				Base,
			);
			mainGroup = 1D167BEC1EEF49A100016B24;
			productRefGroup = 1D167BF61EEF49A100016B24 /* Products */;
			projectDirPath = "";
			projectRoot = "";
			targets = (
				1D167BF41EEF49A100016B24 /* HIGExampleApp */,
			);
		};
/* End PBXProject section */

/* Begin PBXResourcesBuildPhase section */
		1D167BF31EEF49A100016B24 /* Resources */ = {
			isa = PBXResourcesBuildPhase;
			buildActionMask = 2147483647;
			files = (
				1D167C031EEF49A100016B24 /* LaunchScreen.storyboard in Resources */,
				1D167C0D1EEF4FF100016B24 /* MasterTableViewController.storyboard in Resources */,
				1D167C001EEF49A100016B24 /* Assets.xcassets in Resources */,
				1D167BFE1EEF49A100016B24 /* Main.storyboard in Resources */,
			);
			runOnlyForDeploymentPostprocessing = 0;
		};
/* End PBXResourcesBuildPhase section */

/* Begin PBXSourcesBuildPhase section */
		1D167BF11EEF49A100016B24 /* Sources */ = {
			isa = PBXSourcesBuildPhase;
			buildActionMask = 2147483647;
			files = (
				1D3FD78B1EF04253007F9610 /* MasterSubTableViewController.swift in Sources */,
				1D167C101EEF513700016B24 /* MasterTableViewController.swift in Sources */,
				1D167BFB1EEF49A100016B24 /* ViewController.swift in Sources */,
				1D3FD7941EF047DD007F9610 /* HIGControlsDataSource.swift in Sources */,
				1D3FD7911EF04631007F9610 /* HIGElementDataSourceFactory.swift in Sources */,
				1D167C121EF0415200016B24 /* HIGElement.swift in Sources */,
				1D3FD78F1EF04523007F9610 /* HIGElementDataSource.swift in Sources */,
				1D167BF91EEF49A100016B24 /* AppDelegate.swift in Sources */,
				1D167C0B1EEF4FAB00016B24 /* SplitViewController.swift in Sources */,
			);
			runOnlyForDeploymentPostprocessing = 0;
		};
/* End PBXSourcesBuildPhase section */

/* Begin PBXVariantGroup section */
		1D167BFC1EEF49A100016B24 /* Main.storyboard */ = {
			isa = PBXVariantGroup;
			children = (
				1D167BFD1EEF49A100016B24 /* Base */,
			);
			name = Main.storyboard;
			sourceTree = "<group>";
		};
		1D167C011EEF49A100016B24 /* LaunchScreen.storyboard */ = {
			isa = PBXVariantGroup;
			children = (
				1D167C021EEF49A100016B24 /* Base */,
			);
			name = LaunchScreen.storyboard;
			sourceTree = "<group>";
		};
/* End PBXVariantGroup section */

/* Begin XCBuildConfiguration section */
		1D167C051EEF49A100016B24 /* Debug */ = {
			isa = XCBuildConfiguration;
			buildSettings = {
				ALWAYS_SEARCH_USER_PATHS = NO;
				CLANG_ANALYZER_NONNULL = YES;
				CLANG_ANALYZER_NUMBER_OBJECT_CONVERSION = YES_AGGRESSIVE;
				CLANG_CXX_LANGUAGE_STANDARD = "gnu++0x";
				CLANG_CXX_LIBRARY = "libc++";
				CLANG_ENABLE_MODULES = YES;
				CLANG_ENABLE_OBJC_ARC = YES;
				CLANG_WARN_BOOL_CONVERSION = YES;
				CLANG_WARN_CONSTANT_CONVERSION = YES;
				CLANG_WARN_DIRECT_OBJC_ISA_USAGE = YES_ERROR;
				CLANG_WARN_DOCUMENTATION_COMMENTS = YES;
				CLANG_WARN_EMPTY_BODY = YES;
				CLANG_WARN_ENUM_CONVERSION = YES;
				CLANG_WARN_INFINITE_RECURSION = YES;
				CLANG_WARN_INT_CONVERSION = YES;
				CLANG_WARN_OBJC_ROOT_CLASS = YES_ERROR;
				CLANG_WARN_SUSPICIOUS_MOVE = YES;
				CLANG_WARN_UNREACHABLE_CODE = YES;
				CLANG_WARN__DUPLICATE_METHOD_MATCH = YES;
				"CODE_SIGN_IDENTITY[sdk=iphoneos*]" = "iPhone Developer";
				COPY_PHASE_STRIP = NO;
				DEBUG_INFORMATION_FORMAT = dwarf;
				ENABLE_STRICT_OBJC_MSGSEND = YES;
				ENABLE_TESTABILITY = YES;
				GCC_C_LANGUAGE_STANDARD = gnu99;
				GCC_DYNAMIC_NO_PIC = NO;
				GCC_NO_COMMON_BLOCKS = YES;
				GCC_OPTIMIZATION_LEVEL = 0;
				GCC_PREPROCESSOR_DEFINITIONS = (
					"DEBUG=1",
					"$(inherited)",
				);
				GCC_WARN_64_TO_32_BIT_CONVERSION = YES;
				GCC_WARN_ABOUT_RETURN_TYPE = YES_ERROR;
				GCC_WARN_UNDECLARED_SELECTOR = YES;
				GCC_WARN_UNINITIALIZED_AUTOS = YES_AGGRESSIVE;
				GCC_WARN_UNUSED_FUNCTION = YES;
				GCC_WARN_UNUSED_VARIABLE = YES;
				IPHONEOS_DEPLOYMENT_TARGET = 10.3;
				MTL_ENABLE_DEBUG_INFO = YES;
				ONLY_ACTIVE_ARCH = YES;
				SDKROOT = iphoneos;
				SWIFT_ACTIVE_COMPILATION_CONDITIONS = DEBUG;
				SWIFT_OPTIMIZATION_LEVEL = "-Onone";
				TARGETED_DEVICE_FAMILY = "1,2";
			};
			name = Debug;
		};
		1D167C061EEF49A100016B24 /* Release */ = {
			isa = XCBuildConfiguration;
			buildSettings = {
				ALWAYS_SEARCH_USER_PATHS = NO;
				CLANG_ANALYZER_NONNULL = YES;
				CLANG_ANALYZER_NUMBER_OBJECT_CONVERSION = YES_AGGRESSIVE;
				CLANG_CXX_LANGUAGE_STANDARD = "gnu++0x";
				CLANG_CXX_LIBRARY = "libc++";
				CLANG_ENABLE_MODULES = YES;
				CLANG_ENABLE_OBJC_ARC = YES;
				CLANG_WARN_BOOL_CONVERSION = YES;
				CLANG_WARN_CONSTANT_CONVERSION = YES;
				CLANG_WARN_DIRECT_OBJC_ISA_USAGE = YES_ERROR;
				CLANG_WARN_DOCUMENTATION_COMMENTS = YES;
				CLANG_WARN_EMPTY_BODY = YES;
				CLANG_WARN_ENUM_CONVERSION = YES;
				CLANG_WARN_INFINITE_RECURSION = YES;
				CLANG_WARN_INT_CONVERSION = YES;
				CLANG_WARN_OBJC_ROOT_CLASS = YES_ERROR;
				CLANG_WARN_SUSPICIOUS_MOVE = YES;
				CLANG_WARN_UNREACHABLE_CODE = YES;
				CLANG_WARN__DUPLICATE_METHOD_MATCH = YES;
				"CODE_SIGN_IDENTITY[sdk=iphoneos*]" = "iPhone Developer";
				COPY_PHASE_STRIP = NO;
				DEBUG_INFORMATION_FORMAT = "dwarf-with-dsym";
				ENABLE_NS_ASSERTIONS = NO;
				ENABLE_STRICT_OBJC_MSGSEND = YES;
				GCC_C_LANGUAGE_STANDARD = gnu99;
				GCC_NO_COMMON_BLOCKS = YES;
				GCC_WARN_64_TO_32_BIT_CONVERSION = YES;
				GCC_WARN_ABOUT_RETURN_TYPE = YES_ERROR;
				GCC_WARN_UNDECLARED_SELECTOR = YES;
				GCC_WARN_UNINITIALIZED_AUTOS = YES_AGGRESSIVE;
				GCC_WARN_UNUSED_FUNCTION = YES;
				GCC_WARN_UNUSED_VARIABLE = YES;
				IPHONEOS_DEPLOYMENT_TARGET = 10.3;
				MTL_ENABLE_DEBUG_INFO = NO;
				SDKROOT = iphoneos;
				SWIFT_OPTIMIZATION_LEVEL = "-Owholemodule";
				TARGETED_DEVICE_FAMILY = "1,2";
				VALIDATE_PRODUCT = YES;
			};
			name = Release;
		};
		1D167C081EEF49A100016B24 /* Debug */ = {
			isa = XCBuildConfiguration;
			buildSettings = {
				ASSETCATALOG_COMPILER_APPICON_NAME = AppIcon;
				DEVELOPMENT_TEAM = 5TSJ5VWTTU;
				INFOPLIST_FILE = HIGExampleApp/Info.plist;
				LD_RUNPATH_SEARCH_PATHS = "$(inherited) @executable_path/Frameworks";
				PRODUCT_BUNDLE_IDENTIFIER = com.pluralsight.HIGExampleApp;
				PRODUCT_NAME = "$(TARGET_NAME)";
				SWIFT_VERSION = 3.0;
			};
			name = Debug;
		};
		1D167C091EEF49A100016B24 /* Release */ = {
			isa = XCBuildConfiguration;
			buildSettings = {
				ASSETCATALOG_COMPILER_APPICON_NAME = AppIcon;
				DEVELOPMENT_TEAM = 5TSJ5VWTTU;
				INFOPLIST_FILE = HIGExampleApp/Info.plist;
				LD_RUNPATH_SEARCH_PATHS = "$(inherited) @executable_path/Frameworks";
				PRODUCT_BUNDLE_IDENTIFIER = com.pluralsight.HIGExampleApp;
				PRODUCT_NAME = "$(TARGET_NAME)";
				SWIFT_VERSION = 3.0;
			};
			name = Release;
		};
/* End XCBuildConfiguration section */

/* Begin XCConfigurationList section */
		1D167BF01EEF49A100016B24 /* Build configuration list for PBXProject "HIGExampleApp" */ = {
			isa = XCConfigurationList;
			buildConfigurations = (
				1D167C051EEF49A100016B24 /* Debug */,
				1D167C061EEF49A100016B24 /* Release */,
			);
			defaultConfigurationIsVisible = 0;
			defaultConfigurationName = Release;
		};
		1D167C071EEF49A100016B24 /* Build configuration list for PBXNativeTarget "HIGExampleApp" */ = {
			isa = XCConfigurationList;
			buildConfigurations = (
				1D167C081EEF49A100016B24 /* Debug */,
				1D167C091EEF49A100016B24 /* Release */,
			);
			defaultConfigurationIsVisible = 0;
			defaultConfigurationName = Release;
		};
/* End XCConfigurationList section */
	};
	rootObject = 1D167BED1EEF49A100016B24 /* Project object */;
}
